
Microsoft Visual Studio Solution File, Format Version 12.00
# Visual Studio Version 16
VisualStudioVersion = 16.0.30225.117
MinimumVisualStudioVersion = 10.0.40219.1
Project("{FAE04EC0-301F-11D3-BF4B-00C04F79EFBC}") = "WinForm_GIT", "WinForm_GIT\WinForm_GIT.csproj", "{D3F03E22-3042-4EC4-B337-CB9890FCC01F}"
EndProject
Global
	GlobalSection(SolutionConfigurationPlatforms) = preSolution
		Debug|Any CPU = Debug|Any CPU
		Release|Any CPU = Release|Any CPU
	EndGlobalSection
	GlobalSection(ProjectConfigurationPlatforms) = postSolution
		{D3F03E22-3042-4EC4-B337-CB9890FCC01F}.Debug|Any CPU.ActiveCfg = Debug|Any CPU
		{D3F03E22-3042-4EC4-B337-CB9890FCC01F}.Debug|Any CPU.Build.0 = Debug|Any CPU
		{D3F03E22-3042-4EC4-B337-CB9890FCC01F}.Release|Any CPU.ActiveCfg = Release|Any CPU
		{D3F03E22-3042-4EC4-B337-CB9890FCC01F}.Release|Any CPU.Build.0 = Release|Any CPU
	EndGlobalSection
	GlobalSection(SolutionProperties) = preSolution
		HideSolutionNode = FALSE
	EndGlobalSection
	GlobalSection(ExtensibilityGlobals) = postSolution
		SolutionGuid = {762CC5E7-183E-4BFA-8667-E6AD4A0F632C}
	EndGlobalSection
EndGlobal
